
Microsoft Visual Studio Solution File, Format Version 12.00
# Visual Studio Version 17
VisualStudioVersion = 17.8.34511.84
MinimumVisualStudioVersion = 10.0.40219.1
Project("{FAE04EC0-301F-11D3-BF4B-00C04F79EFBC}") = "SalesWebMvc", "SalesWebMvc\SalesWebMvc.csproj", "{774D298D-E8C1-4AD8-B1E1-F050D83801AA}"
EndProject
Global
	GlobalSection(SolutionConfigurationPlatforms) = preSolution
		Debug|Any CPU = Debug|Any CPU
		Release|Any CPU = Release|Any CPU
	EndGlobalSection
	GlobalSection(ProjectConfigurationPlatforms) = postSolution
		{774D298D-E8C1-4AD8-B1E1-F050D83801AA}.Debug|Any CPU.ActiveCfg = Debug|Any CPU
		{774D298D-E8C1-4AD8-B1E1-F050D83801AA}.Debug|Any CPU.Build.0 = Debug|Any CPU
		{774D298D-E8C1-4AD8-B1E1-F050D83801AA}.Release|Any CPU.ActiveCfg = Release|Any CPU
		{774D298D-E8C1-4AD8-B1E1-F050D83801AA}.Release|Any CPU.Build.0 = Release|Any CPU
	EndGlobalSection
	GlobalSection(SolutionProperties) = preSolution
		HideSolutionNode = FALSE
	EndGlobalSection
	GlobalSection(ExtensibilityGlobals) = postSolution
		SolutionGuid = {A0BB0C2E-CE80-43D8-9456-ED9B54471B5F}
	EndGlobalSection
EndGlobal
